
Microsoft Visual Studio Solution File, Format Version 11.00
# Visual Studio 2010
Project("{FAE04EC0-301F-11D3-BF4B-00C04F79EFBC}") = "Assembly-CSharp", "Assembly-CSharp.csproj", "{1A80CC85-BA49-F709-B7CC-32FEFC5D0F78}"
EndProject
Project("{FAE04EC0-301F-11D3-BF4B-00C04F79EFBC}") = "Assembly-CSharp-Editor", "Assembly-CSharp-Editor.csproj", "{D60FEECF-92FD-A2CD-67EF-5FF15CED90C5}"
EndProject
Global
	GlobalSection(SolutionConfigurationPlatforms) = preSolution
		Debug|Any CPU = Debug|Any CPU
		Release|Any CPU = Release|Any CPU
	EndGlobalSection
	GlobalSection(ProjectConfigurationPlatforms) = postSolution
		{1A80CC85-BA49-F709-B7CC-32FEFC5D0F78}.Debug|Any CPU.ActiveCfg = Debug|Any CPU
		{1A80CC85-BA49-F709-B7CC-32FEFC5D0F78}.Debug|Any CPU.Build.0 = Debug|Any CPU
		{1A80CC85-BA49-F709-B7CC-32FEFC5D0F78}.Release|Any CPU.ActiveCfg = Release|Any CPU
		{1A80CC85-BA49-F709-B7CC-32FEFC5D0F78}.Release|Any CPU.Build.0 = Release|Any CPU
		{D60FEECF-92FD-A2CD-67EF-5FF15CED90C5}.Debug|Any CPU.ActiveCfg = Debug|Any CPU
		{D60FEECF-92FD-A2CD-67EF-5FF15CED90C5}.Debug|Any CPU.Build.0 = Debug|Any CPU
		{D60FEECF-92FD-A2CD-67EF-5FF15CED90C5}.Release|Any CPU.ActiveCfg = Release|Any CPU
		{D60FEECF-92FD-A2CD-67EF-5FF15CED90C5}.Release|Any CPU.Build.0 = Release|Any CPU
	EndGlobalSection
	GlobalSection(SolutionProperties) = preSolution
		HideSolutionNode = FALSE
	EndGlobalSection
EndGlobal
